// !$*UTF8*$!
{
	archiveVersion = 1;
	classes = {
	};
	objectVersion = 46;
	objects = {

/* Begin PBXBuildFile section */
		C4BE3C4C1DB76C7200556DA2 /* AppDelegate.swift in Sources */ = {isa = PBXBuildFile; fileRef = C4BE3C4B1DB76C7200556DA2 /* AppDelegate.swift */; };
		C4BE3C4E1DB76C7200556DA2 /* ViewController.swift in Sources */ = {isa = PBXBuildFile; fileRef = C4BE3C4D1DB76C7200556DA2 /* ViewController.swift */; };
		C4BE3C511DB76C7200556DA2 /* Main.storyboard in Resources */ = {isa = PBXBuildFile; fileRef = C4BE3C4F1DB76C7200556DA2 /* Main.storyboard */; };
		C4BE3C531DB76C7200556DA2 /* Assets.xcassets in Resources */ = {isa = PBXBuildFile; fileRef = C4BE3C521DB76C7200556DA2 /* Assets.xcassets */; };
		C4BE3C561DB76C7200556DA2 /* LaunchScreen.storyboard in Resources */ = {isa = PBXBuildFile; fileRef = C4BE3C541DB76C7200556DA2 /* LaunchScreen.storyboard */; };
		C4BE3C611DB76C7200556DA2 /* tract_tv_client_appTests.swift in Sources */ = {isa = PBXBuildFile; fileRef = C4BE3C601DB76C7200556DA2 /* tract_tv_client_appTests.swift */; };
		C4BE3C6C1DB76C7200556DA2 /* tract_tv_client_appUITests.swift in Sources */ = {isa = PBXBuildFile; fileRef = C4BE3C6B1DB76C7200556DA2 /* tract_tv_client_appUITests.swift */; };
/* End PBXBuildFile section */

/* Begin PBXContainerItemProxy section */
		C4BE3C5D1DB76C7200556DA2 /* PBXContainerItemProxy */ = {
			isa = PBXContainerItemProxy;
			containerPortal = C4BE3C401DB76C7200556DA2 /* Project object */;
			proxyType = 1;
			remoteGlobalIDString = C4BE3C471DB76C7200556DA2;
			remoteInfo = "tract.tv client app";
		};
		C4BE3C681DB76C7200556DA2 /* PBXContainerItemProxy */ = {
			isa = PBXContainerItemProxy;
			containerPortal = C4BE3C401DB76C7200556DA2 /* Project object */;
			proxyType = 1;
			remoteGlobalIDString = C4BE3C471DB76C7200556DA2;
			remoteInfo = "tract.tv client app";
		};
/* End PBXContainerItemProxy section */

/* Begin PBXFileReference section */
		C4BE3C481DB76C7200556DA2 /* tract.tv client app.app */ = {isa = PBXFileReference; explicitFileType = wrapper.application; includeInIndex = 0; path = "tract.tv client app.app"; sourceTree = BUILT_PRODUCTS_DIR; };
		C4BE3C4B1DB76C7200556DA2 /* AppDelegate.swift */ = {isa = PBXFileReference; lastKnownFileType = sourcecode.swift; path = AppDelegate.swift; sourceTree = "<group>"; };
		C4BE3C4D1DB76C7200556DA2 /* ViewController.swift */ = {isa = PBXFileReference; lastKnownFileType = sourcecode.swift; path = ViewController.swift; sourceTree = "<group>"; };
		C4BE3C501DB76C7200556DA2 /* Base */ = {isa = PBXFileReference; lastKnownFileType = file.storyboard; name = Base; path = Base.lproj/Main.storyboard; sourceTree = "<group>"; };
		C4BE3C521DB76C7200556DA2 /* Assets.xcassets */ = {isa = PBXFileReference; lastKnownFileType = folder.assetcatalog; path = Assets.xcassets; sourceTree = "<group>"; };
		C4BE3C551DB76C7200556DA2 /* Base */ = {isa = PBXFileReference; lastKnownFileType = file.storyboard; name = Base; path = Base.lproj/LaunchScreen.storyboard; sourceTree = "<group>"; };
		C4BE3C571DB76C7200556DA2 /* Info.plist */ = {isa = PBXFileReference; lastKnownFileType = text.plist.xml; path = Info.plist; sourceTree = "<group>"; };
		C4BE3C5C1DB76C7200556DA2 /* tract.tv client appTests.xctest */ = {isa = PBXFileReference; explicitFileType = wrapper.cfbundle; includeInIndex = 0; path = "tract.tv client appTests.xctest"; sourceTree = BUILT_PRODUCTS_DIR; };
		C4BE3C601DB76C7200556DA2 /* tract_tv_client_appTests.swift */ = {isa = PBXFileReference; lastKnownFileType = sourcecode.swift; path = tract_tv_client_appTests.swift; sourceTree = "<group>"; };
		C4BE3C621DB76C7200556DA2 /* Info.plist */ = {isa = PBXFileReference; lastKnownFileType = text.plist.xml; path = Info.plist; sourceTree = "<group>"; };
		C4BE3C671DB76C7200556DA2 /* tract.tv client appUITests.xctest */ = {isa = PBXFileReference; explicitFileType = wrapper.cfbundle; includeInIndex = 0; path = "tract.tv client appUITests.xctest"; sourceTree = BUILT_PRODUCTS_DIR; };
		C4BE3C6B1DB76C7200556DA2 /* tract_tv_client_appUITests.swift */ = {isa = PBXFileReference; lastKnownFileType = sourcecode.swift; path = tract_tv_client_appUITests.swift; sourceTree = "<group>"; };
		C4BE3C6D1DB76C7200556DA2 /* Info.plist */ = {isa = PBXFileReference; lastKnownFileType = text.plist.xml; path = Info.plist; sourceTree = "<group>"; };
/* End PBXFileReference section */

/* Begin PBXFrameworksBuildPhase section */
		C4BE3C451DB76C7200556DA2 /* Frameworks */ = {
			isa = PBXFrameworksBuildPhase;
			buildActionMask = 2147483647;
			files = (
			);
			runOnlyForDeploymentPostprocessing = 0;
		};
		C4BE3C591DB76C7200556DA2 /* Frameworks */ = {
			isa = PBXFrameworksBuildPhase;
			buildActionMask = 2147483647;
			files = (
			);
			runOnlyForDeploymentPostprocessing = 0;
		};
		C4BE3C641DB76C7200556DA2 /* Frameworks */ = {
			isa = PBXFrameworksBuildPhase;
			buildActionMask = 2147483647;
			files = (
			);
			runOnlyForDeploymentPostprocessing = 0;
		};
/* End PBXFrameworksBuildPhase section */

/* Begin PBXGroup section */
		C4BE3C3F1DB76C7200556DA2 = {
			isa = PBXGroup;
			children = (
				C4BE3C4A1DB76C7200556DA2 /* tract.tv client app */,
				C4BE3C5F1DB76C7200556DA2 /* tract.tv client appTests */,
				C4BE3C6A1DB76C7200556DA2 /* tract.tv client appUITests */,
				C4BE3C491DB76C7200556DA2 /* Products */,
			);
			sourceTree = "<group>";
		};
		C4BE3C491DB76C7200556DA2 /* Products */ = {
			isa = PBXGroup;
			children = (
				C4BE3C481DB76C7200556DA2 /* tract.tv client app.app */,
				C4BE3C5C1DB76C7200556DA2 /* tract.tv client appTests.xctest */,
				C4BE3C671DB76C7200556DA2 /* tract.tv client appUITests.xctest */,
			);
			name = Products;
			sourceTree = "<group>";
		};
		C4BE3C4A1DB76C7200556DA2 /* tract.tv client app */ = {
			isa = PBXGroup;
			children = (
				C4BE3C4B1DB76C7200556DA2 /* AppDelegate.swift */,
				C4BE3C4D1DB76C7200556DA2 /* ViewController.swift */,
				C4BE3C4F1DB76C7200556DA2 /* Main.storyboard */,
				C4BE3C521DB76C7200556DA2 /* Assets.xcassets */,
				C4BE3C541DB76C7200556DA2 /* LaunchScreen.storyboard */,
				C4BE3C571DB76C7200556DA2 /* Info.plist */,
			);
			path = "tract.tv client app";
			sourceTree = "<group>";
		};
		C4BE3C5F1DB76C7200556DA2 /* tract.tv client appTests */ = {
			isa = PBXGroup;
			children = (
				C4BE3C601DB76C7200556DA2 /* tract_tv_client_appTests.swift */,
				C4BE3C621DB76C7200556DA2 /* Info.plist */,
			);
			path = "tract.tv client appTests";
			sourceTree = "<group>";
		};
		C4BE3C6A1DB76C7200556DA2 /* tract.tv client appUITests */ = {
			isa = PBXGroup;
			children = (
				C4BE3C6B1DB76C7200556DA2 /* tract_tv_client_appUITests.swift */,
				C4BE3C6D1DB76C7200556DA2 /* Info.plist */,
			);
			path = "tract.tv client appUITests";
			sourceTree = "<group>";
		};
/* End PBXGroup section */

/* Begin PBXNativeTarget section */
		C4BE3C471DB76C7200556DA2 /* tract.tv client app */ = {
			isa = PBXNativeTarget;
			buildConfigurationList = C4BE3C701DB76C7200556DA2 /* Build configuration list for PBXNativeTarget "tract.tv client app" */;
			buildPhases = (
				C4BE3C441DB76C7200556DA2 /* Sources */,
				C4BE3C451DB76C7200556DA2 /* Frameworks */,
				C4BE3C461DB76C7200556DA2 /* Resources */,
			);
			buildRules = (
			);
			dependencies = (
			);
			name = "tract.tv client app";
			productName = "tract.tv client app";
			productReference = C4BE3C481DB76C7200556DA2 /* tract.tv client app.app */;
			productType = "com.apple.product-type.application";
		};
		C4BE3C5B1DB76C7200556DA2 /* tract.tv client appTests */ = {
			isa = PBXNativeTarget;
			buildConfigurationList = C4BE3C731DB76C7200556DA2 /* Build configuration list for PBXNativeTarget "tract.tv client appTests" */;
			buildPhases = (
				C4BE3C581DB76C7200556DA2 /* Sources */,
				C4BE3C591DB76C7200556DA2 /* Frameworks */,
				C4BE3C5A1DB76C7200556DA2 /* Resources */,
			);
			buildRules = (
			);
			dependencies = (
				C4BE3C5E1DB76C7200556DA2 /* PBXTargetDependency */,
			);
			name = "tract.tv client appTests";
			productName = "tract.tv client appTests";
			productReference = C4BE3C5C1DB76C7200556DA2 /* tract.tv client appTests.xctest */;
			productType = "com.apple.product-type.bundle.unit-test";
		};
		C4BE3C661DB76C7200556DA2 /* tract.tv client appUITests */ = {
			isa = PBXNativeTarget;
			buildConfigurationList = C4BE3C761DB76C7200556DA2 /* Build configuration list for PBXNativeTarget "tract.tv client appUITests" */;
			buildPhases = (
				C4BE3C631DB76C7200556DA2 /* Sources */,
				C4BE3C641DB76C7200556DA2 /* Frameworks */,
				C4BE3C651DB76C7200556DA2 /* Resources */,
			);
			buildRules = (
			);
			dependencies = (
				C4BE3C691DB76C7200556DA2 /* PBXTargetDependency */,
			);
			name = "tract.tv client appUITests";
			productName = "tract.tv client appUITests";
			productReference = C4BE3C671DB76C7200556DA2 /* tract.tv client appUITests.xctest */;
			productType = "com.apple.product-type.bundle.ui-testing";
		};
/* End PBXNativeTarget section */

/* Begin PBXProject section */
		C4BE3C401DB76C7200556DA2 /* Project object */ = {
			isa = PBXProject;
			attributes = {
				LastSwiftUpdateCheck = 0800;
				LastUpgradeCheck = 0800;
				ORGANIZATIONNAME = "Sophie Clark";
				TargetAttributes = {
					C4BE3C471DB76C7200556DA2 = {
						CreatedOnToolsVersion = 8.0;
						DevelopmentTeam = PJBB3VMU92;
						ProvisioningStyle = Automatic;
					};
					C4BE3C5B1DB76C7200556DA2 = {
						CreatedOnToolsVersion = 8.0;
						DevelopmentTeam = 42V4M86W5T;
						ProvisioningStyle = Automatic;
						TestTargetID = C4BE3C471DB76C7200556DA2;
					};
					C4BE3C661DB76C7200556DA2 = {
						CreatedOnToolsVersion = 8.0;
						DevelopmentTeam = 42V4M86W5T;
						ProvisioningStyle = Automatic;
						TestTargetID = C4BE3C471DB76C7200556DA2;
					};
				};
			};
			buildConfigurationList = C4BE3C431DB76C7200556DA2 /* Build configuration list for PBXProject "tract.tv client app" */;
			compatibilityVersion = "Xcode 3.2";
			developmentRegion = English;
			hasScannedForEncodings = 0;
			knownRegions = (
				en,
				Base,
			);
			mainGroup = C4BE3C3F1DB76C7200556DA2;
			productRefGroup = C4BE3C491DB76C7200556DA2 /* Products */;
			projectDirPath = "";
			projectRoot = "";
			targets = (
				C4BE3C471DB76C7200556DA2 /* tract.tv client app */,
				C4BE3C5B1DB76C7200556DA2 /* tract.tv client appTests */,
				C4BE3C661DB76C7200556DA2 /* tract.tv client appUITests */,
			);
		};
/* End PBXProject section */

/* Begin PBXResourcesBuildPhase section */
		C4BE3C461DB76C7200556DA2 /* Resources */ = {
			isa = PBXResourcesBuildPhase;
			buildActionMask = 2147483647;
			files = (
				C4BE3C561DB76C7200556DA2 /* LaunchScreen.storyboard in Resources */,
				C4BE3C531DB76C7200556DA2 /* Assets.xcassets in Resources */,
				C4BE3C511DB76C7200556DA2 /* Main.storyboard in Resources */,
			);
			runOnlyForDeploymentPostprocessing = 0;
		};
		C4BE3C5A1DB76C7200556DA2 /* Resources */ = {
			isa = PBXResourcesBuildPhase;
			buildActionMask = 2147483647;
			files = (
			);
			runOnlyForDeploymentPostprocessing = 0;
		};
		C4BE3C651DB76C7200556DA2 /* Resources */ = {
			isa = PBXResourcesBuildPhase;
			buildActionMask = 2147483647;
			files = (
			);
			runOnlyForDeploymentPostprocessing = 0;
		};
/* End PBXResourcesBuildPhase section */

/* Begin PBXSourcesBuildPhase section */
		C4BE3C441DB76C7200556DA2 /* Sources */ = {
			isa = PBXSourcesBuildPhase;
			buildActionMask = 2147483647;
			files = (
				C4BE3C4E1DB76C7200556DA2 /* ViewController.swift in Sources */,
				C4BE3C4C1DB76C7200556DA2 /* AppDelegate.swift in Sources */,
			);
			runOnlyForDeploymentPostprocessing = 0;
		};
		C4BE3C581DB76C7200556DA2 /* Sources */ = {
			isa = PBXSourcesBuildPhase;
			buildActionMask = 2147483647;
			files = (
				C4BE3C611DB76C7200556DA2 /* tract_tv_client_appTests.swift in Sources */,
			);
			runOnlyForDeploymentPostprocessing = 0;
		};
		C4BE3C631DB76C7200556DA2 /* Sources */ = {
			isa = PBXSourcesBuildPhase;
			buildActionMask = 2147483647;
			files = (
				C4BE3C6C1DB76C7200556DA2 /* tract_tv_client_appUITests.swift in Sources */,
			);
			runOnlyForDeploymentPostprocessing = 0;
		};
/* End PBXSourcesBuildPhase section */

/* Begin PBXTargetDependency section */
		C4BE3C5E1DB76C7200556DA2 /* PBXTargetDependency */ = {
			isa = PBXTargetDependency;
			target = C4BE3C471DB76C7200556DA2 /* tract.tv client app */;
			targetProxy = C4BE3C5D1DB76C7200556DA2 /* PBXContainerItemProxy */;
		};
		C4BE3C691DB76C7200556DA2 /* PBXTargetDependency */ = {
			isa = PBXTargetDependency;
			target = C4BE3C471DB76C7200556DA2 /* tract.tv client app */;
			targetProxy = C4BE3C681DB76C7200556DA2 /* PBXContainerItemProxy */;
		};
/* End PBXTargetDependency section */

/* Begin PBXVariantGroup section */
		C4BE3C4F1DB76C7200556DA2 /* Main.storyboard */ = {
			isa = PBXVariantGroup;
			children = (
				C4BE3C501DB76C7200556DA2 /* Base */,
			);
			name = Main.storyboard;
			sourceTree = "<group>";
		};
		C4BE3C541DB76C7200556DA2 /* LaunchScreen.storyboard */ = {
			isa = PBXVariantGroup;
			children = (
				C4BE3C551DB76C7200556DA2 /* Base */,
			);
			name = LaunchScreen.storyboard;
			sourceTree = "<group>";
		};
/* End PBXVariantGroup section */

/* Begin XCBuildConfiguration section */
		C4BE3C6E1DB76C7200556DA2 /* Debug */ = {
			isa = XCBuildConfiguration;
			buildSettings = {
				ALWAYS_SEARCH_USER_PATHS = NO;
				CLANG_ANALYZER_NONNULL = YES;
				CLANG_CXX_LANGUAGE_STANDARD = "gnu++0x";
				CLANG_CXX_LIBRARY = "libc++";
				CLANG_ENABLE_MODULES = YES;
				CLANG_ENABLE_OBJC_ARC = YES;
				CLANG_WARN_BOOL_CONVERSION = YES;
				CLANG_WARN_CONSTANT_CONVERSION = YES;
				CLANG_WARN_DIRECT_OBJC_ISA_USAGE = YES_ERROR;
				CLANG_WARN_DOCUMENTATION_COMMENTS = YES;
				CLANG_WARN_EMPTY_BODY = YES;
				CLANG_WARN_ENUM_CONVERSION = YES;
				CLANG_WARN_INFINITE_RECURSION = YES;
				CLANG_WARN_INT_CONVERSION = YES;
				CLANG_WARN_OBJC_ROOT_CLASS = YES_ERROR;
				CLANG_WARN_SUSPICIOUS_MOVES = YES;
				CLANG_WARN_UNREACHABLE_CODE = YES;
				CLANG_WARN__DUPLICATE_METHOD_MATCH = YES;
				"CODE_SIGN_IDENTITY[sdk=iphoneos*]" = "iPhone Developer";
				COPY_PHASE_STRIP = NO;
				DEBUG_INFORMATION_FORMAT = dwarf;
				ENABLE_STRICT_OBJC_MSGSEND = YES;
				ENABLE_TESTABILITY = YES;
				GCC_C_LANGUAGE_STANDARD = gnu99;
				GCC_DYNAMIC_NO_PIC = NO;
				GCC_NO_COMMON_BLOCKS = YES;
				GCC_OPTIMIZATION_LEVEL = 0;
				GCC_PREPROCESSOR_DEFINITIONS = (
					"DEBUG=1",
					"$(inherited)",
				);
				GCC_WARN_64_TO_32_BIT_CONVERSION = YES;
				GCC_WARN_ABOUT_RETURN_TYPE = YES_ERROR;
				GCC_WARN_UNDECLARED_SELECTOR = YES;
				GCC_WARN_UNINITIALIZED_AUTOS = YES_AGGRESSIVE;
				GCC_WARN_UNUSED_FUNCTION = YES;
				GCC_WARN_UNUSED_VARIABLE = YES;
				IPHONEOS_DEPLOYMENT_TARGET = 10.0;
				MTL_ENABLE_DEBUG_INFO = YES;
				ONLY_ACTIVE_ARCH = YES;
				SDKROOT = iphoneos;
				SWIFT_ACTIVE_COMPILATION_CONDITIONS = DEBUG;
				SWIFT_OPTIMIZATION_LEVEL = "-Onone";
				TARGETED_DEVICE_FAMILY = "1,2";
			};
			name = Debug;
		};
		C4BE3C6F1DB76C7200556DA2 /* Release */ = {
			isa = XCBuildConfiguration;
			buildSettings = {
				ALWAYS_SEARCH_USER_PATHS = NO;
				CLANG_ANALYZER_NONNULL = YES;
				CLANG_CXX_LANGUAGE_STANDARD = "gnu++0x";
				CLANG_CXX_LIBRARY = "libc++";
				CLANG_ENABLE_MODULES = YES;
				CLANG_ENABLE_OBJC_ARC = YES;
				CLANG_WARN_BOOL_CONVERSION = YES;
				CLANG_WARN_CONSTANT_CONVERSION = YES;
				CLANG_WARN_DIRECT_OBJC_ISA_USAGE = YES_ERROR;
				CLANG_WARN_DOCUMENTATION_COMMENTS = YES;
				CLANG_WARN_EMPTY_BODY = YES;
				CLANG_WARN_ENUM_CONVERSION = YES;
				CLANG_WARN_INFINITE_RECURSION = YES;
				CLANG_WARN_INT_CONVERSION = YES;
				CLANG_WARN_OBJC_ROOT_CLASS = YES_ERROR;
				CLANG_WARN_SUSPICIOUS_MOVES = YES;
				CLANG_WARN_UNREACHABLE_CODE = YES;
				CLANG_WARN__DUPLICATE_METHOD_MATCH = YES;
				"CODE_SIGN_IDENTITY[sdk=iphoneos*]" = "iPhone Developer";
				COPY_PHASE_STRIP = NO;
				DEBUG_INFORMATION_FORMAT = "dwarf-with-dsym";
				ENABLE_NS_ASSERTIONS = NO;
				ENABLE_STRICT_OBJC_MSGSEND = YES;
				GCC_C_LANGUAGE_STANDARD = gnu99;
				GCC_NO_COMMON_BLOCKS = YES;
				GCC_WARN_64_TO_32_BIT_CONVERSION = YES;
				GCC_WARN_ABOUT_RETURN_TYPE = YES_ERROR;
				GCC_WARN_UNDECLARED_SELECTOR = YES;
				GCC_WARN_UNINITIALIZED_AUTOS = YES_AGGRESSIVE;
				GCC_WARN_UNUSED_FUNCTION = YES;
				GCC_WARN_UNUSED_VARIABLE = YES;
				IPHONEOS_DEPLOYMENT_TARGET = 10.0;
				MTL_ENABLE_DEBUG_INFO = NO;
				SDKROOT = iphoneos;
				SWIFT_OPTIMIZATION_LEVEL = "-Owholemodule";
				TARGETED_DEVICE_FAMILY = "1,2";
				VALIDATE_PRODUCT = YES;
			};
			name = Release;
		};
		C4BE3C711DB76C7200556DA2 /* Debug */ = {
			isa = XCBuildConfiguration;
			buildSettings = {
				ASSETCATALOG_COMPILER_APPICON_NAME = AppIcon;
				DEVELOPMENT_TEAM = PJBB3VMU92;
				INFOPLIST_FILE = "tract.tv client app/Info.plist";
				LD_RUNPATH_SEARCH_PATHS = "$(inherited) @executable_path/Frameworks";
				PRODUCT_BUNDLE_IDENTIFIER = "com.sophieclark.tract-tv-client-app";
				PRODUCT_NAME = "$(TARGET_NAME)";
				SWIFT_VERSION = 3.0;
			};
			name = Debug;
		};
		C4BE3C721DB76C7200556DA2 /* Release */ = {
			isa = XCBuildConfiguration;
			buildSettings = {
				ASSETCATALOG_COMPILER_APPICON_NAME = AppIcon;
				DEVELOPMENT_TEAM = PJBB3VMU92;
				INFOPLIST_FILE = "tract.tv client app/Info.plist";
				LD_RUNPATH_SEARCH_PATHS = "$(inherited) @executable_path/Frameworks";
				PRODUCT_BUNDLE_IDENTIFIER = "com.sophieclark.tract-tv-client-app";
				PRODUCT_NAME = "$(TARGET_NAME)";
				SWIFT_VERSION = 3.0;
			};
			name = Release;
		};
		C4BE3C741DB76C7200556DA2 /* Debug */ = {
			isa = XCBuildConfiguration;
			buildSettings = {
				ALWAYS_EMBED_SWIFT_STANDARD_LIBRARIES = YES;
				BUNDLE_LOADER = "$(TEST_HOST)";
				DEVELOPMENT_TEAM = 42V4M86W5T;
				INFOPLIST_FILE = "tract.tv client appTests/Info.plist";
				LD_RUNPATH_SEARCH_PATHS = "$(inherited) @executable_path/Frameworks @loader_path/Frameworks";
				PRODUCT_BUNDLE_IDENTIFIER = "com.sophieclark.tract-tv-client-appTests";
				PRODUCT_NAME = "$(TARGET_NAME)";
				SWIFT_VERSION = 3.0;
				TEST_HOST = "$(BUILT_PRODUCTS_DIR)/tract.tv client app.app/tract.tv client app";
			};
			name = Debug;
		};
		C4BE3C751DB76C7200556DA2 /* Release */ = {
			isa = XCBuildConfiguration;
			buildSettings = {
				ALWAYS_EMBED_SWIFT_STANDARD_LIBRARIES = YES;
				BUNDLE_LOADER = "$(TEST_HOST)";
				DEVELOPMENT_TEAM = 42V4M86W5T;
				INFOPLIST_FILE = "tract.tv client appTests/Info.plist";
				LD_RUNPATH_SEARCH_PATHS = "$(inherited) @executable_path/Frameworks @loader_path/Frameworks";
				PRODUCT_BUNDLE_IDENTIFIER = "com.sophieclark.tract-tv-client-appTests";
				PRODUCT_NAME = "$(TARGET_NAME)";
				SWIFT_VERSION = 3.0;
				TEST_HOST = "$(BUILT_PRODUCTS_DIR)/tract.tv client app.app/tract.tv client app";
			};
			name = Release;
		};
		C4BE3C771DB76C7200556DA2 /* Debug */ = {
			isa = XCBuildConfiguration;
			buildSettings = {
				ALWAYS_EMBED_SWIFT_STANDARD_LIBRARIES = YES;
				DEVELOPMENT_TEAM = 42V4M86W5T;
				INFOPLIST_FILE = "tract.tv client appUITests/Info.plist";
				LD_RUNPATH_SEARCH_PATHS = "$(inherited) @executable_path/Frameworks @loader_path/Frameworks";
				PRODUCT_BUNDLE_IDENTIFIER = "com.sophieclark.tract-tv-client-appUITests";
				PRODUCT_NAME = "$(TARGET_NAME)";
				SWIFT_VERSION = 3.0;
				TEST_TARGET_NAME = "tract.tv client app";
			};
			name = Debug;
		};
		C4BE3C781DB76C7200556DA2 /* Release */ = {
			isa = XCBuildConfiguration;
			buildSettings = {
				ALWAYS_EMBED_SWIFT_STANDARD_LIBRARIES = YES;
				DEVELOPMENT_TEAM = 42V4M86W5T;
				INFOPLIST_FILE = "tract.tv client appUITests/Info.plist";
				LD_RUNPATH_SEARCH_PATHS = "$(inherited) @executable_path/Frameworks @loader_path/Frameworks";
				PRODUCT_BUNDLE_IDENTIFIER = "com.sophieclark.tract-tv-client-appUITests";
				PRODUCT_NAME = "$(TARGET_NAME)";
				SWIFT_VERSION = 3.0;
				TEST_TARGET_NAME = "tract.tv client app";
			};
			name = Release;
		};
/* End XCBuildConfiguration section */

/* Begin XCConfigurationList section */
		C4BE3C431DB76C7200556DA2 /* Build configuration list for PBXProject "tract.tv client app" */ = {
			isa = XCConfigurationList;
			buildConfigurations = (
				C4BE3C6E1DB76C7200556DA2 /* Debug */,
				C4BE3C6F1DB76C7200556DA2 /* Release */,
			);
			defaultConfigurationIsVisible = 0;
			defaultConfigurationName = Release;
		};
		C4BE3C701DB76C7200556DA2 /* Build configuration list for PBXNativeTarget "tract.tv client app" */ = {
			isa = XCConfigurationList;
			buildConfigurations = (
				C4BE3C711DB76C7200556DA2 /* Debug */,
				C4BE3C721DB76C7200556DA2 /* Release */,
			);
			defaultConfigurationIsVisible = 0;
		};
		C4BE3C731DB76C7200556DA2 /* Build configuration list for PBXNativeTarget "tract.tv client appTests" */ = {
			isa = XCConfigurationList;
			buildConfigurations = (
				C4BE3C741DB76C7200556DA2 /* Debug */,
				C4BE3C751DB76C7200556DA2 /* Release */,
			);
			defaultConfigurationIsVisible = 0;
		};
		C4BE3C761DB76C7200556DA2 /* Build configuration list for PBXNativeTarget "tract.tv client appUITests" */ = {
			isa = XCConfigurationList;
			buildConfigurations = (
				C4BE3C771DB76C7200556DA2 /* Debug */,
				C4BE3C781DB76C7200556DA2 /* Release */,
			);
			defaultConfigurationIsVisible = 0;
		};
/* End XCConfigurationList section */
	};
	rootObject = C4BE3C401DB76C7200556DA2 /* Project object */;
}
